
Microsoft Visual Studio Solution File, Format Version 12.00
Project("{FAE04EC0-301F-11D3-BF4B-00C04F79EFBC}") = "eSkystudio.A320.Simulator.PFD", "eSkystudio.A320.Simulator.PFD\eSkystudio.A320.Simulator.PFD.csproj", "{58DD1C68-D580-47A1-A3B5-75CBF8A79FB0}"
EndProject
Project("{FAE04EC0-301F-11D3-BF4B-00C04F79EFBC}") = "eSkystudio.A320.RessourcesManager", "eSkystudio.A320.RessourcesManager\eSkystudio.A320.RessourcesManager.csproj", "{6EA78213-8335-4F8A-8072-DCA710C6575F}"
EndProject
Global
	GlobalSection(SolutionConfigurationPlatforms) = preSolution
		Debug|Any CPU = Debug|Any CPU
		Release|Any CPU = Release|Any CPU
	EndGlobalSection
	GlobalSection(ProjectConfigurationPlatforms) = postSolution
		{58DD1C68-D580-47A1-A3B5-75CBF8A79FB0}.Debug|Any CPU.ActiveCfg = Debug|Any CPU
		{58DD1C68-D580-47A1-A3B5-75CBF8A79FB0}.Debug|Any CPU.Build.0 = Debug|Any CPU
		{58DD1C68-D580-47A1-A3B5-75CBF8A79FB0}.Release|Any CPU.ActiveCfg = Release|Any CPU
		{58DD1C68-D580-47A1-A3B5-75CBF8A79FB0}.Release|Any CPU.Build.0 = Release|Any CPU
		{6EA78213-8335-4F8A-8072-DCA710C6575F}.Debug|Any CPU.ActiveCfg = Debug|Any CPU
		{6EA78213-8335-4F8A-8072-DCA710C6575F}.Debug|Any CPU.Build.0 = Debug|Any CPU
		{6EA78213-8335-4F8A-8072-DCA710C6575F}.Release|Any CPU.ActiveCfg = Release|Any CPU
		{6EA78213-8335-4F8A-8072-DCA710C6575F}.Release|Any CPU.Build.0 = Release|Any CPU
	EndGlobalSection
EndGlobal
